
Microsoft Visual Studio Solution File, Format Version 12.00
# Visual Studio Version 17
VisualStudioVersion = 17.9.34728.123
MinimumVisualStudioVersion = 10.0.40219.1
Project("{9A19103F-16F7-4668-BE54-9A1E7A4F7556}") = "ServiceA", "ServiceA\ServiceA.csproj", "{146C40E0-9998-4515-8305-1BDD165E63DE}"
EndProject
Project("{FAE04EC0-301F-11D3-BF4B-00C04F79EFBC}") = "ServiceB", "ServiceB\ServiceB.csproj", "{AD8BE24D-2415-4147-A170-32615F961236}"
EndProject
Global
	GlobalSection(SolutionConfigurationPlatforms) = preSolution
		Debug|Any CPU = Debug|Any CPU
		Release|Any CPU = Release|Any CPU
	EndGlobalSection
	GlobalSection(ProjectConfigurationPlatforms) = postSolution
		{146C40E0-9998-4515-8305-1BDD165E63DE}.Debug|Any CPU.ActiveCfg = Debug|Any CPU
		{146C40E0-9998-4515-8305-1BDD165E63DE}.Debug|Any CPU.Build.0 = Debug|Any CPU
		{146C40E0-9998-4515-8305-1BDD165E63DE}.Release|Any CPU.ActiveCfg = Release|Any CPU
		{146C40E0-9998-4515-8305-1BDD165E63DE}.Release|Any CPU.Build.0 = Release|Any CPU
		{AD8BE24D-2415-4147-A170-32615F961236}.Debug|Any CPU.ActiveCfg = Debug|Any CPU
		{AD8BE24D-2415-4147-A170-32615F961236}.Debug|Any CPU.Build.0 = Debug|Any CPU
		{AD8BE24D-2415-4147-A170-32615F961236}.Release|Any CPU.ActiveCfg = Release|Any CPU
		{AD8BE24D-2415-4147-A170-32615F961236}.Release|Any CPU.Build.0 = Release|Any CPU
	EndGlobalSection
	GlobalSection(SolutionProperties) = preSolution
		HideSolutionNode = FALSE
	EndGlobalSection
	GlobalSection(ExtensibilityGlobals) = postSolution
		SolutionGuid = {8CFC996F-D4B2-469A-AB5C-D798D66E2E49}
	EndGlobalSection
EndGlobal
